// !$*UTF8*$!
{
	archiveVersion = 1;
	classes = {
	};
	objectVersion = 56;
	objects = {

/* Begin PBXBuildFile section */
		036B480E292A04DC00AB0BF2 /* AppDelegate.swift in Sources */ = {isa = PBXBuildFile; fileRef = 036B480D292A04DC00AB0BF2 /* AppDelegate.swift */; };
		036B4812292A04DC00AB0BF2 /* NYCSchoolsListViewController.swift in Sources */ = {isa = PBXBuildFile; fileRef = 036B4811292A04DC00AB0BF2 /* NYCSchoolsListViewController.swift */; };
		036B4817292A04DD00AB0BF2 /* Assets.xcassets in Resources */ = {isa = PBXBuildFile; fileRef = 036B4816292A04DD00AB0BF2 /* Assets.xcassets */; };
		036B481A292A04DD00AB0BF2 /* LaunchScreen.storyboard in Resources */ = {isa = PBXBuildFile; fileRef = 036B4818292A04DD00AB0BF2 /* LaunchScreen.storyboard */; };
		036B4825292A04DD00AB0BF2 /* NYCHighSchoolsDataParserTests.swift in Sources */ = {isa = PBXBuildFile; fileRef = 036B4824292A04DD00AB0BF2 /* NYCHighSchoolsDataParserTests.swift */; };
		036B482F292A04DD00AB0BF2 /* NYCSchoolsUITests.swift in Sources */ = {isa = PBXBuildFile; fileRef = 036B482E292A04DD00AB0BF2 /* NYCSchoolsUITests.swift */; };
		036B4831292A04DD00AB0BF2 /* NYCSchoolsUITestsLaunchTests.swift in Sources */ = {isa = PBXBuildFile; fileRef = 036B4830292A04DD00AB0BF2 /* NYCSchoolsUITestsLaunchTests.swift */; };
		036B483E292A052000AB0BF2 /* NYCHighSchoolsService.swift in Sources */ = {isa = PBXBuildFile; fileRef = 036B483D292A052000AB0BF2 /* NYCHighSchoolsService.swift */; };
		036B4840292A086000AB0BF2 /* School.swift in Sources */ = {isa = PBXBuildFile; fileRef = 036B483F292A086000AB0BF2 /* School.swift */; };
		036B4842292ABC8E00AB0BF2 /* NetworkRequestService.swift in Sources */ = {isa = PBXBuildFile; fileRef = 036B4841292ABC8E00AB0BF2 /* NetworkRequestService.swift */; };
		036B4844292ABDC000AB0BF2 /* DataParser.swift in Sources */ = {isa = PBXBuildFile; fileRef = 036B4843292ABDC000AB0BF2 /* DataParser.swift */; };
		036B4846292ABEA700AB0BF2 /* NYCHighSchoolsDataParser.swift in Sources */ = {isa = PBXBuildFile; fileRef = 036B4845292ABEA700AB0BF2 /* NYCHighSchoolsDataParser.swift */; };
		036B4848292AF2F600AB0BF2 /* SchoolCell.swift in Sources */ = {isa = PBXBuildFile; fileRef = 036B4847292AF2F600AB0BF2 /* SchoolCell.swift */; };
		036B484F292B3F1000AB0BF2 /* NYCSchoolDetailViewController.swift in Sources */ = {isa = PBXBuildFile; fileRef = 036B484E292B3F1000AB0BF2 /* NYCSchoolDetailViewController.swift */; };
		036B4852292B438A00AB0BF2 /* UIViewExtensions.swift in Sources */ = {isa = PBXBuildFile; fileRef = 036B4851292B438A00AB0BF2 /* UIViewExtensions.swift */; };
		036B4854292B6C6C00AB0BF2 /* SATScores.swift in Sources */ = {isa = PBXBuildFile; fileRef = 036B4853292B6C6C00AB0BF2 /* SATScores.swift */; };
		036B4856292B6EDD00AB0BF2 /* SATScoresDataParser.swift in Sources */ = {isa = PBXBuildFile; fileRef = 036B4855292B6EDD00AB0BF2 /* SATScoresDataParser.swift */; };
		036B4858292B7BBE00AB0BF2 /* Config.swift in Sources */ = {isa = PBXBuildFile; fileRef = 036B4857292B7BBE00AB0BF2 /* Config.swift */; };
		03E6E2C1292CE14C00093C85 /* SATScoresDataParserTests.swift in Sources */ = {isa = PBXBuildFile; fileRef = 03E6E2C0292CE14C00093C85 /* SATScoresDataParserTests.swift */; };
		03E6E2C3292CE38B00093C85 /* SchoolCellTests.swift in Sources */ = {isa = PBXBuildFile; fileRef = 03E6E2C2292CE38B00093C85 /* SchoolCellTests.swift */; };
		03E6E2C5292CE95300093C85 /* NYCSchoolDetailViewControllerTests.swift in Sources */ = {isa = PBXBuildFile; fileRef = 03E6E2C4292CE95300093C85 /* NYCSchoolDetailViewControllerTests.swift */; };
/* End PBXBuildFile section */

/* Begin PBXContainerItemProxy section */
		036B4821292A04DD00AB0BF2 /* PBXContainerItemProxy */ = {
			isa = PBXContainerItemProxy;
			containerPortal = 036B4802292A04DC00AB0BF2 /* Project object */;
			proxyType = 1;
			remoteGlobalIDString = 036B4809292A04DC00AB0BF2;
			remoteInfo = NYCSchools;
		};
		036B482B292A04DD00AB0BF2 /* PBXContainerItemProxy */ = {
			isa = PBXContainerItemProxy;
			containerPortal = 036B4802292A04DC00AB0BF2 /* Project object */;
			proxyType = 1;
			remoteGlobalIDString = 036B4809292A04DC00AB0BF2;
			remoteInfo = NYCSchools;
		};
/* End PBXContainerItemProxy section */

/* Begin PBXFileReference section */
		036B480A292A04DC00AB0BF2 /* NYCSchools.app */ = {isa = PBXFileReference; explicitFileType = wrapper.application; includeInIndex = 0; path = NYCSchools.app; sourceTree = BUILT_PRODUCTS_DIR; };
		036B480D292A04DC00AB0BF2 /* AppDelegate.swift */ = {isa = PBXFileReference; lastKnownFileType = sourcecode.swift; path = AppDelegate.swift; sourceTree = "<group>"; };
		036B4811292A04DC00AB0BF2 /* NYCSchoolsListViewController.swift */ = {isa = PBXFileReference; lastKnownFileType = sourcecode.swift; path = NYCSchoolsListViewController.swift; sourceTree = "<group>"; };
		036B4816292A04DD00AB0BF2 /* Assets.xcassets */ = {isa = PBXFileReference; lastKnownFileType = folder.assetcatalog; path = Assets.xcassets; sourceTree = "<group>"; };
		036B4819292A04DD00AB0BF2 /* Base */ = {isa = PBXFileReference; lastKnownFileType = file.storyboard; name = Base; path = Base.lproj/LaunchScreen.storyboard; sourceTree = "<group>"; };
		036B481B292A04DD00AB0BF2 /* Info.plist */ = {isa = PBXFileReference; lastKnownFileType = text.plist.xml; path = Info.plist; sourceTree = "<group>"; };
		036B4820292A04DD00AB0BF2 /* NYCSchoolsTests.xctest */ = {isa = PBXFileReference; explicitFileType = wrapper.cfbundle; includeInIndex = 0; path = NYCSchoolsTests.xctest; sourceTree = BUILT_PRODUCTS_DIR; };
		036B4824292A04DD00AB0BF2 /* NYCHighSchoolsDataParserTests.swift */ = {isa = PBXFileReference; lastKnownFileType = sourcecode.swift; path = NYCHighSchoolsDataParserTests.swift; sourceTree = "<group>"; };
		036B482A292A04DD00AB0BF2 /* NYCSchoolsUITests.xctest */ = {isa = PBXFileReference; explicitFileType = wrapper.cfbundle; includeInIndex = 0; path = NYCSchoolsUITests.xctest; sourceTree = BUILT_PRODUCTS_DIR; };
		036B482E292A04DD00AB0BF2 /* NYCSchoolsUITests.swift */ = {isa = PBXFileReference; lastKnownFileType = sourcecode.swift; path = NYCSchoolsUITests.swift; sourceTree = "<group>"; };
		036B4830292A04DD00AB0BF2 /* NYCSchoolsUITestsLaunchTests.swift */ = {isa = PBXFileReference; lastKnownFileType = sourcecode.swift; path = NYCSchoolsUITestsLaunchTests.swift; sourceTree = "<group>"; };
		036B483D292A052000AB0BF2 /* NYCHighSchoolsService.swift */ = {isa = PBXFileReference; lastKnownFileType = sourcecode.swift; path = NYCHighSchoolsService.swift; sourceTree = "<group>"; };
		036B483F292A086000AB0BF2 /* School.swift */ = {isa = PBXFileReference; lastKnownFileType = sourcecode.swift; path = School.swift; sourceTree = "<group>"; };
		036B4841292ABC8E00AB0BF2 /* NetworkRequestService.swift */ = {isa = PBXFileReference; lastKnownFileType = sourcecode.swift; path = NetworkRequestService.swift; sourceTree = "<group>"; };
		036B4843292ABDC000AB0BF2 /* DataParser.swift */ = {isa = PBXFileReference; lastKnownFileType = sourcecode.swift; path = DataParser.swift; sourceTree = "<group>"; };
		036B4845292ABEA700AB0BF2 /* NYCHighSchoolsDataParser.swift */ = {isa = PBXFileReference; lastKnownFileType = sourcecode.swift; path = NYCHighSchoolsDataParser.swift; sourceTree = "<group>"; };
		036B4847292AF2F600AB0BF2 /* SchoolCell.swift */ = {isa = PBXFileReference; lastKnownFileType = sourcecode.swift; path = SchoolCell.swift; sourceTree = "<group>"; };
		036B484E292B3F1000AB0BF2 /* NYCSchoolDetailViewController.swift */ = {isa = PBXFileReference; lastKnownFileType = sourcecode.swift; path = NYCSchoolDetailViewController.swift; sourceTree = "<group>"; };
		036B4851292B438A00AB0BF2 /* UIViewExtensions.swift */ = {isa = PBXFileReference; lastKnownFileType = sourcecode.swift; path = UIViewExtensions.swift; sourceTree = "<group>"; };
		036B4853292B6C6C00AB0BF2 /* SATScores.swift */ = {isa = PBXFileReference; lastKnownFileType = sourcecode.swift; path = SATScores.swift; sourceTree = "<group>"; };
		036B4855292B6EDD00AB0BF2 /* SATScoresDataParser.swift */ = {isa = PBXFileReference; lastKnownFileType = sourcecode.swift; path = SATScoresDataParser.swift; sourceTree = "<group>"; };
		036B4857292B7BBE00AB0BF2 /* Config.swift */ = {isa = PBXFileReference; lastKnownFileType = sourcecode.swift; path = Config.swift; sourceTree = "<group>"; };
		03E6E2C0292CE14C00093C85 /* SATScoresDataParserTests.swift */ = {isa = PBXFileReference; lastKnownFileType = sourcecode.swift; path = SATScoresDataParserTests.swift; sourceTree = "<group>"; };
		03E6E2C2292CE38B00093C85 /* SchoolCellTests.swift */ = {isa = PBXFileReference; lastKnownFileType = sourcecode.swift; path = SchoolCellTests.swift; sourceTree = "<group>"; };
		03E6E2C4292CE95300093C85 /* NYCSchoolDetailViewControllerTests.swift */ = {isa = PBXFileReference; lastKnownFileType = sourcecode.swift; path = NYCSchoolDetailViewControllerTests.swift; sourceTree = "<group>"; };
/* End PBXFileReference section */

/* Begin PBXFrameworksBuildPhase section */
		036B4807292A04DC00AB0BF2 /* Frameworks */ = {
			isa = PBXFrameworksBuildPhase;
			buildActionMask = 2147483647;
			files = (
			);
			runOnlyForDeploymentPostprocessing = 0;
		};
		036B481D292A04DD00AB0BF2 /* Frameworks */ = {
			isa = PBXFrameworksBuildPhase;
			buildActionMask = 2147483647;
			files = (
			);
			runOnlyForDeploymentPostprocessing = 0;
		};
		036B4827292A04DD00AB0BF2 /* Frameworks */ = {
			isa = PBXFrameworksBuildPhase;
			buildActionMask = 2147483647;
			files = (
			);
			runOnlyForDeploymentPostprocessing = 0;
		};
/* End PBXFrameworksBuildPhase section */

/* Begin PBXGroup section */
		036B4801292A04DC00AB0BF2 = {
			isa = PBXGroup;
			children = (
				036B480C292A04DC00AB0BF2 /* NYCSchools */,
				036B4823292A04DD00AB0BF2 /* NYCSchoolsTests */,
				036B482D292A04DD00AB0BF2 /* NYCSchoolsUITests */,
				036B480B292A04DC00AB0BF2 /* Products */,
			);
			sourceTree = "<group>";
		};
		036B480B292A04DC00AB0BF2 /* Products */ = {
			isa = PBXGroup;
			children = (
				036B480A292A04DC00AB0BF2 /* NYCSchools.app */,
				036B4820292A04DD00AB0BF2 /* NYCSchoolsTests.xctest */,
				036B482A292A04DD00AB0BF2 /* NYCSchoolsUITests.xctest */,
			);
			name = Products;
			sourceTree = "<group>";
		};
		036B480C292A04DC00AB0BF2 /* NYCSchools */ = {
			isa = PBXGroup;
			children = (
				036B4850292B436600AB0BF2 /* Extensions */,
				036B484D292B2D6300AB0BF2 /* Parsers */,
				036B484C292B2D5D00AB0BF2 /* Services */,
				036B484B292B2D1F00AB0BF2 /* Models */,
				036B484A292B2D1900AB0BF2 /* Views */,
				036B4849292B2D0D00AB0BF2 /* ViewControllers */,
				036B480D292A04DC00AB0BF2 /* AppDelegate.swift */,
				036B4857292B7BBE00AB0BF2 /* Config.swift */,
				036B4816292A04DD00AB0BF2 /* Assets.xcassets */,
				036B4818292A04DD00AB0BF2 /* LaunchScreen.storyboard */,
				036B481B292A04DD00AB0BF2 /* Info.plist */,
			);
			path = NYCSchools;
			sourceTree = "<group>";
		};
		036B4823292A04DD00AB0BF2 /* NYCSchoolsTests */ = {
			isa = PBXGroup;
			children = (
				036B4824292A04DD00AB0BF2 /* NYCHighSchoolsDataParserTests.swift */,
				03E6E2C0292CE14C00093C85 /* SATScoresDataParserTests.swift */,
				03E6E2C2292CE38B00093C85 /* SchoolCellTests.swift */,
				03E6E2C4292CE95300093C85 /* NYCSchoolDetailViewControllerTests.swift */,
			);
			path = NYCSchoolsTests;
			sourceTree = "<group>";
		};
		036B482D292A04DD00AB0BF2 /* NYCSchoolsUITests */ = {
			isa = PBXGroup;
			children = (
				036B482E292A04DD00AB0BF2 /* NYCSchoolsUITests.swift */,
				036B4830292A04DD00AB0BF2 /* NYCSchoolsUITestsLaunchTests.swift */,
			);
			path = NYCSchoolsUITests;
			sourceTree = "<group>";
		};
		036B4849292B2D0D00AB0BF2 /* ViewControllers */ = {
			isa = PBXGroup;
			children = (
				036B4811292A04DC00AB0BF2 /* NYCSchoolsListViewController.swift */,
				036B484E292B3F1000AB0BF2 /* NYCSchoolDetailViewController.swift */,
			);
			path = ViewControllers;
			sourceTree = "<group>";
		};
		036B484A292B2D1900AB0BF2 /* Views */ = {
			isa = PBXGroup;
			children = (
				036B4847292AF2F600AB0BF2 /* SchoolCell.swift */,
			);
			path = Views;
			sourceTree = "<group>";
		};
		036B484B292B2D1F00AB0BF2 /* Models */ = {
			isa = PBXGroup;
			children = (
				036B483F292A086000AB0BF2 /* School.swift */,
				036B4853292B6C6C00AB0BF2 /* SATScores.swift */,
			);
			path = Models;
			sourceTree = "<group>";
		};
		036B484C292B2D5D00AB0BF2 /* Services */ = {
			isa = PBXGroup;
			children = (
				036B4841292ABC8E00AB0BF2 /* NetworkRequestService.swift */,
				036B483D292A052000AB0BF2 /* NYCHighSchoolsService.swift */,
			);
			path = Services;
			sourceTree = "<group>";
		};
		036B484D292B2D6300AB0BF2 /* Parsers */ = {
			isa = PBXGroup;
			children = (
				036B4843292ABDC000AB0BF2 /* DataParser.swift */,
				036B4845292ABEA700AB0BF2 /* NYCHighSchoolsDataParser.swift */,
				036B4855292B6EDD00AB0BF2 /* SATScoresDataParser.swift */,
			);
			path = Parsers;
			sourceTree = "<group>";
		};
		036B4850292B436600AB0BF2 /* Extensions */ = {
			isa = PBXGroup;
			children = (
				036B4851292B438A00AB0BF2 /* UIViewExtensions.swift */,
			);
			path = Extensions;
			sourceTree = "<group>";
		};
/* End PBXGroup section */

/* Begin PBXNativeTarget section */
		036B4809292A04DC00AB0BF2 /* NYCSchools */ = {
			isa = PBXNativeTarget;
			buildConfigurationList = 036B4834292A04DD00AB0BF2 /* Build configuration list for PBXNativeTarget "NYCSchools" */;
			buildPhases = (
				036B4806292A04DC00AB0BF2 /* Sources */,
				036B4807292A04DC00AB0BF2 /* Frameworks */,
				036B4808292A04DC00AB0BF2 /* Resources */,
			);
			buildRules = (
			);
			dependencies = (
			);
			name = NYCSchools;
			productName = NYCSchools;
			productReference = 036B480A292A04DC00AB0BF2 /* NYCSchools.app */;
			productType = "com.apple.product-type.application";
		};
		036B481F292A04DD00AB0BF2 /* NYCSchoolsTests */ = {
			isa = PBXNativeTarget;
			buildConfigurationList = 036B4837292A04DD00AB0BF2 /* Build configuration list for PBXNativeTarget "NYCSchoolsTests" */;
			buildPhases = (
				036B481C292A04DD00AB0BF2 /* Sources */,
				036B481D292A04DD00AB0BF2 /* Frameworks */,
				036B481E292A04DD00AB0BF2 /* Resources */,
			);
			buildRules = (
			);
			dependencies = (
				036B4822292A04DD00AB0BF2 /* PBXTargetDependency */,
			);
			name = NYCSchoolsTests;
			productName = NYCSchoolsTests;
			productReference = 036B4820292A04DD00AB0BF2 /* NYCSchoolsTests.xctest */;
			productType = "com.apple.product-type.bundle.unit-test";
		};
		036B4829292A04DD00AB0BF2 /* NYCSchoolsUITests */ = {
			isa = PBXNativeTarget;
			buildConfigurationList = 036B483A292A04DD00AB0BF2 /* Build configuration list for PBXNativeTarget "NYCSchoolsUITests" */;
			buildPhases = (
				036B4826292A04DD00AB0BF2 /* Sources */,
				036B4827292A04DD00AB0BF2 /* Frameworks */,
				036B4828292A04DD00AB0BF2 /* Resources */,
			);
			buildRules = (
			);
			dependencies = (
				036B482C292A04DD00AB0BF2 /* PBXTargetDependency */,
			);
			name = NYCSchoolsUITests;
			productName = NYCSchoolsUITests;
			productReference = 036B482A292A04DD00AB0BF2 /* NYCSchoolsUITests.xctest */;
			productType = "com.apple.product-type.bundle.ui-testing";
		};
/* End PBXNativeTarget section */

/* Begin PBXProject section */
		036B4802292A04DC00AB0BF2 /* Project object */ = {
			isa = PBXProject;
			attributes = {
				BuildIndependentTargetsInParallel = 1;
				LastSwiftUpdateCheck = 1410;
				LastUpgradeCheck = 1410;
				TargetAttributes = {
					036B4809292A04DC00AB0BF2 = {
						CreatedOnToolsVersion = 14.1;
					};
					036B481F292A04DD00AB0BF2 = {
						CreatedOnToolsVersion = 14.1;
						TestTargetID = 036B4809292A04DC00AB0BF2;
					};
					036B4829292A04DD00AB0BF2 = {
						CreatedOnToolsVersion = 14.1;
						TestTargetID = 036B4809292A04DC00AB0BF2;
					};
				};
			};
			buildConfigurationList = 036B4805292A04DC00AB0BF2 /* Build configuration list for PBXProject "NYCSchools" */;
			compatibilityVersion = "Xcode 14.0";
			developmentRegion = en;
			hasScannedForEncodings = 0;
			knownRegions = (
				en,
				Base,
			);
			mainGroup = 036B4801292A04DC00AB0BF2;
			productRefGroup = 036B480B292A04DC00AB0BF2 /* Products */;
			projectDirPath = "";
			projectRoot = "";
			targets = (
				036B4809292A04DC00AB0BF2 /* NYCSchools */,
				036B481F292A04DD00AB0BF2 /* NYCSchoolsTests */,
				036B4829292A04DD00AB0BF2 /* NYCSchoolsUITests */,
			);
		};
/* End PBXProject section */

/* Begin PBXResourcesBuildPhase section */
		036B4808292A04DC00AB0BF2 /* Resources */ = {
			isa = PBXResourcesBuildPhase;
			buildActionMask = 2147483647;
			files = (
				036B481A292A04DD00AB0BF2 /* LaunchScreen.storyboard in Resources */,
				036B4817292A04DD00AB0BF2 /* Assets.xcassets in Resources */,
			);
			runOnlyForDeploymentPostprocessing = 0;
		};
		036B481E292A04DD00AB0BF2 /* Resources */ = {
			isa = PBXResourcesBuildPhase;
			buildActionMask = 2147483647;
			files = (
			);
			runOnlyForDeploymentPostprocessing = 0;
		};
		036B4828292A04DD00AB0BF2 /* Resources */ = {
			isa = PBXResourcesBuildPhase;
			buildActionMask = 2147483647;
			files = (
			);
			runOnlyForDeploymentPostprocessing = 0;
		};
/* End PBXResourcesBuildPhase section */

/* Begin PBXSourcesBuildPhase section */
		036B4806292A04DC00AB0BF2 /* Sources */ = {
			isa = PBXSourcesBuildPhase;
			buildActionMask = 2147483647;
			files = (
				036B484F292B3F1000AB0BF2 /* NYCSchoolDetailViewController.swift in Sources */,
				036B483E292A052000AB0BF2 /* NYCHighSchoolsService.swift in Sources */,
				036B4812292A04DC00AB0BF2 /* NYCSchoolsListViewController.swift in Sources */,
				036B480E292A04DC00AB0BF2 /* AppDelegate.swift in Sources */,
				036B4848292AF2F600AB0BF2 /* SchoolCell.swift in Sources */,
				036B4840292A086000AB0BF2 /* School.swift in Sources */,
				036B4858292B7BBE00AB0BF2 /* Config.swift in Sources */,
				036B4856292B6EDD00AB0BF2 /* SATScoresDataParser.swift in Sources */,
				036B4852292B438A00AB0BF2 /* UIViewExtensions.swift in Sources */,
				036B4842292ABC8E00AB0BF2 /* NetworkRequestService.swift in Sources */,
				036B4846292ABEA700AB0BF2 /* NYCHighSchoolsDataParser.swift in Sources */,
				036B4854292B6C6C00AB0BF2 /* SATScores.swift in Sources */,
				036B4844292ABDC000AB0BF2 /* DataParser.swift in Sources */,
			);
			runOnlyForDeploymentPostprocessing = 0;
		};
		036B481C292A04DD00AB0BF2 /* Sources */ = {
			isa = PBXSourcesBuildPhase;
			buildActionMask = 2147483647;
			files = (
				03E6E2C1292CE14C00093C85 /* SATScoresDataParserTests.swift in Sources */,
				03E6E2C3292CE38B00093C85 /* SchoolCellTests.swift in Sources */,
				03E6E2C5292CE95300093C85 /* NYCSchoolDetailViewControllerTests.swift in Sources */,
				036B4825292A04DD00AB0BF2 /* NYCHighSchoolsDataParserTests.swift in Sources */,
			);
			runOnlyForDeploymentPostprocessing = 0;
		};
		036B4826292A04DD00AB0BF2 /* Sources */ = {
			isa = PBXSourcesBuildPhase;
			buildActionMask = 2147483647;
			files = (
				036B482F292A04DD00AB0BF2 /* NYCSchoolsUITests.swift in Sources */,
				036B4831292A04DD00AB0BF2 /* NYCSchoolsUITestsLaunchTests.swift in Sources */,
			);
			runOnlyForDeploymentPostprocessing = 0;
		};
/* End PBXSourcesBuildPhase section */

/* Begin PBXTargetDependency section */
		036B4822292A04DD00AB0BF2 /* PBXTargetDependency */ = {
			isa = PBXTargetDependency;
			target = 036B4809292A04DC00AB0BF2 /* NYCSchools */;
			targetProxy = 036B4821292A04DD00AB0BF2 /* PBXContainerItemProxy */;
		};
		036B482C292A04DD00AB0BF2 /* PBXTargetDependency */ = {
			isa = PBXTargetDependency;
			target = 036B4809292A04DC00AB0BF2 /* NYCSchools */;
			targetProxy = 036B482B292A04DD00AB0BF2 /* PBXContainerItemProxy */;
		};
/* End PBXTargetDependency section */

/* Begin PBXVariantGroup section */
		036B4818292A04DD00AB0BF2 /* LaunchScreen.storyboard */ = {
			isa = PBXVariantGroup;
			children = (
				036B4819292A04DD00AB0BF2 /* Base */,
			);
			name = LaunchScreen.storyboard;
			sourceTree = "<group>";
		};
/* End PBXVariantGroup section */

/* Begin XCBuildConfiguration section */
		036B4832292A04DD00AB0BF2 /* Debug */ = {
			isa = XCBuildConfiguration;
			buildSettings = {
				ALWAYS_SEARCH_USER_PATHS = NO;
				CLANG_ANALYZER_NONNULL = YES;
				CLANG_ANALYZER_NUMBER_OBJECT_CONVERSION = YES_AGGRESSIVE;
				CLANG_CXX_LANGUAGE_STANDARD = "gnu++20";
				CLANG_ENABLE_MODULES = YES;
				CLANG_ENABLE_OBJC_ARC = YES;
				CLANG_ENABLE_OBJC_WEAK = YES;
				CLANG_WARN_BLOCK_CAPTURE_AUTORELEASING = YES;
				CLANG_WARN_BOOL_CONVERSION = YES;
				CLANG_WARN_COMMA = YES;
				CLANG_WARN_CONSTANT_CONVERSION = YES;
				CLANG_WARN_DEPRECATED_OBJC_IMPLEMENTATIONS = YES;
				CLANG_WARN_DIRECT_OBJC_ISA_USAGE = YES_ERROR;
				CLANG_WARN_DOCUMENTATION_COMMENTS = YES;
				CLANG_WARN_EMPTY_BODY = YES;
				CLANG_WARN_ENUM_CONVERSION = YES;
				CLANG_WARN_INFINITE_RECURSION = YES;
				CLANG_WARN_INT_CONVERSION = YES;
				CLANG_WARN_NON_LITERAL_NULL_CONVERSION = YES;
				CLANG_WARN_OBJC_IMPLICIT_RETAIN_SELF = YES;
				CLANG_WARN_OBJC_LITERAL_CONVERSION = YES;
				CLANG_WARN_OBJC_ROOT_CLASS = YES_ERROR;
				CLANG_WARN_QUOTED_INCLUDE_IN_FRAMEWORK_HEADER = YES;
				CLANG_WARN_RANGE_LOOP_ANALYSIS = YES;
				CLANG_WARN_STRICT_PROTOTYPES = YES;
				CLANG_WARN_SUSPICIOUS_MOVE = YES;
				CLANG_WARN_UNGUARDED_AVAILABILITY = YES_AGGRESSIVE;
				CLANG_WARN_UNREACHABLE_CODE = YES;
				CLANG_WARN__DUPLICATE_METHOD_MATCH = YES;
				COPY_PHASE_STRIP = NO;
				DEBUG_INFORMATION_FORMAT = dwarf;
				ENABLE_STRICT_OBJC_MSGSEND = YES;
				ENABLE_TESTABILITY = YES;
				GCC_C_LANGUAGE_STANDARD = gnu11;
				GCC_DYNAMIC_NO_PIC = NO;
				GCC_NO_COMMON_BLOCKS = YES;
				GCC_OPTIMIZATION_LEVEL = 0;
				GCC_PREPROCESSOR_DEFINITIONS = (
					"DEBUG=1",
					"$(inherited)",
				);
				GCC_WARN_64_TO_32_BIT_CONVERSION = YES;
				GCC_WARN_ABOUT_RETURN_TYPE = YES_ERROR;
				GCC_WARN_UNDECLARED_SELECTOR = YES;
				GCC_WARN_UNINITIALIZED_AUTOS = YES_AGGRESSIVE;
				GCC_WARN_UNUSED_FUNCTION = YES;
				GCC_WARN_UNUSED_VARIABLE = YES;
				IPHONEOS_DEPLOYMENT_TARGET = 16.1;
				MTL_ENABLE_DEBUG_INFO = INCLUDE_SOURCE;
				MTL_FAST_MATH = YES;
				ONLY_ACTIVE_ARCH = YES;
				SDKROOT = iphoneos;
				SWIFT_ACTIVE_COMPILATION_CONDITIONS = DEBUG;
				SWIFT_OPTIMIZATION_LEVEL = "-Onone";
			};
			name = Debug;
		};
		036B4833292A04DD00AB0BF2 /* Release */ = {
			isa = XCBuildConfiguration;
			buildSettings = {
				ALWAYS_SEARCH_USER_PATHS = NO;
				CLANG_ANALYZER_NONNULL = YES;
				CLANG_ANALYZER_NUMBER_OBJECT_CONVERSION = YES_AGGRESSIVE;
				CLANG_CXX_LANGUAGE_STANDARD = "gnu++20";
				CLANG_ENABLE_MODULES = YES;
				CLANG_ENABLE_OBJC_ARC = YES;
				CLANG_ENABLE_OBJC_WEAK = YES;
				CLANG_WARN_BLOCK_CAPTURE_AUTORELEASING = YES;
				CLANG_WARN_BOOL_CONVERSION = YES;
				CLANG_WARN_COMMA = YES;
				CLANG_WARN_CONSTANT_CONVERSION = YES;
				CLANG_WARN_DEPRECATED_OBJC_IMPLEMENTATIONS = YES;
				CLANG_WARN_DIRECT_OBJC_ISA_USAGE = YES_ERROR;
				CLANG_WARN_DOCUMENTATION_COMMENTS = YES;
				CLANG_WARN_EMPTY_BODY = YES;
				CLANG_WARN_ENUM_CONVERSION = YES;
				CLANG_WARN_INFINITE_RECURSION = YES;
				CLANG_WARN_INT_CONVERSION = YES;
				CLANG_WARN_NON_LITERAL_NULL_CONVERSION = YES;
				CLANG_WARN_OBJC_IMPLICIT_RETAIN_SELF = YES;
				CLANG_WARN_OBJC_LITERAL_CONVERSION = YES;
				CLANG_WARN_OBJC_ROOT_CLASS = YES_ERROR;
				CLANG_WARN_QUOTED_INCLUDE_IN_FRAMEWORK_HEADER = YES;
				CLANG_WARN_RANGE_LOOP_ANALYSIS = YES;
				CLANG_WARN_STRICT_PROTOTYPES = YES;
				CLANG_WARN_SUSPICIOUS_MOVE = YES;
				CLANG_WARN_UNGUARDED_AVAILABILITY = YES_AGGRESSIVE;
				CLANG_WARN_UNREACHABLE_CODE = YES;
				CLANG_WARN__DUPLICATE_METHOD_MATCH = YES;
				COPY_PHASE_STRIP = NO;
				DEBUG_INFORMATION_FORMAT = "dwarf-with-dsym";
				ENABLE_NS_ASSERTIONS = NO;
				ENABLE_STRICT_OBJC_MSGSEND = YES;
				GCC_C_LANGUAGE_STANDARD = gnu11;
				GCC_NO_COMMON_BLOCKS = YES;
				GCC_WARN_64_TO_32_BIT_CONVERSION = YES;
				GCC_WARN_ABOUT_RETURN_TYPE = YES_ERROR;
				GCC_WARN_UNDECLARED_SELECTOR = YES;
				GCC_WARN_UNINITIALIZED_AUTOS = YES_AGGRESSIVE;
				GCC_WARN_UNUSED_FUNCTION = YES;
				GCC_WARN_UNUSED_VARIABLE = YES;
				IPHONEOS_DEPLOYMENT_TARGET = 16.1;
				MTL_ENABLE_DEBUG_INFO = NO;
				MTL_FAST_MATH = YES;
				SDKROOT = iphoneos;
				SWIFT_COMPILATION_MODE = wholemodule;
				SWIFT_OPTIMIZATION_LEVEL = "-O";
				VALIDATE_PRODUCT = YES;
			};
			name = Release;
		};
		036B4835292A04DD00AB0BF2 /* Debug */ = {
			isa = XCBuildConfiguration;
			buildSettings = {
				ASSETCATALOG_COMPILER_APPICON_NAME = AppIcon;
				ASSETCATALOG_COMPILER_GLOBAL_ACCENT_COLOR_NAME = AccentColor;
				CODE_SIGN_STYLE = Automatic;
				CURRENT_PROJECT_VERSION = 1;
				GENERATE_INFOPLIST_FILE = YES;
				INFOPLIST_FILE = NYCSchools/Info.plist;
				INFOPLIST_KEY_UIApplicationSupportsIndirectInputEvents = YES;
				INFOPLIST_KEY_UILaunchStoryboardName = LaunchScreen;
				INFOPLIST_KEY_UISupportedInterfaceOrientations_iPad = "UIInterfaceOrientationPortrait UIInterfaceOrientationPortraitUpsideDown UIInterfaceOrientationLandscapeLeft UIInterfaceOrientationLandscapeRight";
				INFOPLIST_KEY_UISupportedInterfaceOrientations_iPhone = "UIInterfaceOrientationPortrait UIInterfaceOrientationLandscapeLeft UIInterfaceOrientationLandscapeRight";
				LD_RUNPATH_SEARCH_PATHS = (
					"$(inherited)",
					"@executable_path/Frameworks",
				);
				MARKETING_VERSION = 1.0;
				PRODUCT_BUNDLE_IDENTIFIER = com.subba.NYCSchools.NYCSchools;
				PRODUCT_NAME = "$(TARGET_NAME)";
				SWIFT_EMIT_LOC_STRINGS = YES;
				SWIFT_VERSION = 5.0;
				TARGETED_DEVICE_FAMILY = "1,2";
			};
			name = Debug;
		};
		036B4836292A04DD00AB0BF2 /* Release */ = {
			isa = XCBuildConfiguration;
			buildSettings = {
				ASSETCATALOG_COMPILER_APPICON_NAME = AppIcon;
				ASSETCATALOG_COMPILER_GLOBAL_ACCENT_COLOR_NAME = AccentColor;
				CODE_SIGN_STYLE = Automatic;
				CURRENT_PROJECT_VERSION = 1;
				GENERATE_INFOPLIST_FILE = YES;
				INFOPLIST_FILE = NYCSchools/Info.plist;
				INFOPLIST_KEY_UIApplicationSupportsIndirectInputEvents = YES;
				INFOPLIST_KEY_UILaunchStoryboardName = LaunchScreen;
				INFOPLIST_KEY_UISupportedInterfaceOrientations_iPad = "UIInterfaceOrientationPortrait UIInterfaceOrientationPortraitUpsideDown UIInterfaceOrientationLandscapeLeft UIInterfaceOrientationLandscapeRight";
				INFOPLIST_KEY_UISupportedInterfaceOrientations_iPhone = "UIInterfaceOrientationPortrait UIInterfaceOrientationLandscapeLeft UIInterfaceOrientationLandscapeRight";
				LD_RUNPATH_SEARCH_PATHS = (
					"$(inherited)",
					"@executable_path/Frameworks",
				);
				MARKETING_VERSION = 1.0;
				PRODUCT_BUNDLE_IDENTIFIER = com.subba.NYCSchools.NYCSchools;
				PRODUCT_NAME = "$(TARGET_NAME)";
				SWIFT_EMIT_LOC_STRINGS = YES;
				SWIFT_VERSION = 5.0;
				TARGETED_DEVICE_FAMILY = "1,2";
			};
			name = Release;
		};
		036B4838292A04DD00AB0BF2 /* Debug */ = {
			isa = XCBuildConfiguration;
			buildSettings = {
				ALWAYS_EMBED_SWIFT_STANDARD_LIBRARIES = YES;
				BUNDLE_LOADER = "$(TEST_HOST)";
				CODE_SIGN_STYLE = Automatic;
				CURRENT_PROJECT_VERSION = 1;
				GENERATE_INFOPLIST_FILE = YES;
				IPHONEOS_DEPLOYMENT_TARGET = 16.1;
				MARKETING_VERSION = 1.0;
				PRODUCT_BUNDLE_IDENTIFIER = com.subba.NYCSchools.NYCSchoolsTests;
				PRODUCT_NAME = "$(TARGET_NAME)";
				SWIFT_EMIT_LOC_STRINGS = NO;
				SWIFT_VERSION = 5.0;
				TARGETED_DEVICE_FAMILY = "1,2";
				TEST_HOST = "$(BUILT_PRODUCTS_DIR)/NYCSchools.app/$(BUNDLE_EXECUTABLE_FOLDER_PATH)/NYCSchools";
			};
			name = Debug;
		};
		036B4839292A04DD00AB0BF2 /* Release */ = {
			isa = XCBuildConfiguration;
			buildSettings = {
				ALWAYS_EMBED_SWIFT_STANDARD_LIBRARIES = YES;
				BUNDLE_LOADER = "$(TEST_HOST)";
				CODE_SIGN_STYLE = Automatic;
				CURRENT_PROJECT_VERSION = 1;
				GENERATE_INFOPLIST_FILE = YES;
				IPHONEOS_DEPLOYMENT_TARGET = 16.1;
				MARKETING_VERSION = 1.0;
				PRODUCT_BUNDLE_IDENTIFIER = com.subba.NYCSchools.NYCSchoolsTests;
				PRODUCT_NAME = "$(TARGET_NAME)";
				SWIFT_EMIT_LOC_STRINGS = NO;
				SWIFT_VERSION = 5.0;
				TARGETED_DEVICE_FAMILY = "1,2";
				TEST_HOST = "$(BUILT_PRODUCTS_DIR)/NYCSchools.app/$(BUNDLE_EXECUTABLE_FOLDER_PATH)/NYCSchools";
			};
			name = Release;
		};
		036B483B292A04DD00AB0BF2 /* Debug */ = {
			isa = XCBuildConfiguration;
			buildSettings = {
				ALWAYS_EMBED_SWIFT_STANDARD_LIBRARIES = YES;
				CODE_SIGN_STYLE = Automatic;
				CURRENT_PROJECT_VERSION = 1;
				GENERATE_INFOPLIST_FILE = YES;
				MARKETING_VERSION = 1.0;
				PRODUCT_BUNDLE_IDENTIFIER = com.subba.NYCSchools.NYCSchoolsUITests;
				PRODUCT_NAME = "$(TARGET_NAME)";
				SWIFT_EMIT_LOC_STRINGS = NO;
				SWIFT_VERSION = 5.0;
				TARGETED_DEVICE_FAMILY = "1,2";
				TEST_TARGET_NAME = NYCSchools;
			};
			name = Debug;
		};
		036B483C292A04DD00AB0BF2 /* Release */ = {
			isa = XCBuildConfiguration;
			buildSettings = {
				ALWAYS_EMBED_SWIFT_STANDARD_LIBRARIES = YES;
				CODE_SIGN_STYLE = Automatic;
				CURRENT_PROJECT_VERSION = 1;
				GENERATE_INFOPLIST_FILE = YES;
				MARKETING_VERSION = 1.0;
				PRODUCT_BUNDLE_IDENTIFIER = com.subba.NYCSchools.NYCSchoolsUITests;
				PRODUCT_NAME = "$(TARGET_NAME)";
				SWIFT_EMIT_LOC_STRINGS = NO;
				SWIFT_VERSION = 5.0;
				TARGETED_DEVICE_FAMILY = "1,2";
				TEST_TARGET_NAME = NYCSchools;
			};
			name = Release;
		};
/* End XCBuildConfiguration section */

/* Begin XCConfigurationList section */
		036B4805292A04DC00AB0BF2 /* Build configuration list for PBXProject "NYCSchools" */ = {
			isa = XCConfigurationList;
			buildConfigurations = (
				036B4832292A04DD00AB0BF2 /* Debug */,
				036B4833292A04DD00AB0BF2 /* Release */,
			);
			defaultConfigurationIsVisible = 0;
			defaultConfigurationName = Release;
		};
		036B4834292A04DD00AB0BF2 /* Build configuration list for PBXNativeTarget "NYCSchools" */ = {
			isa = XCConfigurationList;
			buildConfigurations = (
				036B4835292A04DD00AB0BF2 /* Debug */,
				036B4836292A04DD00AB0BF2 /* Release */,
			);
			defaultConfigurationIsVisible = 0;
			defaultConfigurationName = Release;
		};
		036B4837292A04DD00AB0BF2 /* Build configuration list for PBXNativeTarget "NYCSchoolsTests" */ = {
			isa = XCConfigurationList;
			buildConfigurations = (
				036B4838292A04DD00AB0BF2 /* Debug */,
				036B4839292A04DD00AB0BF2 /* Release */,
			);
			defaultConfigurationIsVisible = 0;
			defaultConfigurationName = Release;
		};
		036B483A292A04DD00AB0BF2 /* Build configuration list for PBXNativeTarget "NYCSchoolsUITests" */ = {
			isa = XCConfigurationList;
			buildConfigurations = (
				036B483B292A04DD00AB0BF2 /* Debug */,
				036B483C292A04DD00AB0BF2 /* Release */,
			);
			defaultConfigurationIsVisible = 0;
			defaultConfigurationName = Release;
		};
/* End XCConfigurationList section */
	};
	rootObject = 036B4802292A04DC00AB0BF2 /* Project object */;
}
